PODS:
  - Alamofire (5.4.4)
  - GoogleMaps (4.2.0):
    - GoogleMaps/Maps (= 4.2.0)
  - GoogleMaps/Base (4.2.0)
  - GoogleMaps/Maps (4.2.0):
    - GoogleMaps/Base
  - RxCocoa (6.2.0):
    - RxRelay (= 6.2.0)
    - RxSwift (= 6.2.0)
  - RxRelay (6.2.0):
    - RxSwift (= 6.2.0)
  - RxSwift (6.2.0)

DEPENDENCIES:
  - Alamofire (~> 5.4.3)
  - GoogleMaps (~> 4.2.0)
  - RxCocoa (~> 6.2.0)
  - RxSwift (~> 6.2.0)

SPEC REPOS:
  trunk:
    - Alamofire
    - GoogleMaps
    - RxCocoa
    - RxRelay
    - RxSwift

SPEC CHECKSUMS:
  Alamofire: f3b09a368f1582ab751b3fff5460276e0d2cf5c9
  GoogleMaps: eb03e327edfd70b06de1e6e321653f73712df7ad
  RxCocoa: 4baf94bb35f2c0ab31bc0cb9f1900155f646ba42
  RxRelay: e72dbfd157807478401ef1982e1c61c945c94b2f
  RxSwift: d356ab7bee873611322f134c5f9ef379fa183d8f

PODFILE CHECKSUM: 5778b5dcb0cf9beb56310cb7e835282d4284f1c3

COCOAPODS: 1.11.3
